
Microsoft Visual Studio Solution File, Format Version 12.00
# Visual Studio Version 17
VisualStudioVersion = 17.0.31903.59
MinimumVisualStudioVersion = 10.0.40219.1
Project("{9A19103F-16F7-4668-BE54-9A1E7A4F7556}") = "SistemaGestionEntities", "SistemaGestionEntities\SistemaGestionEntities.csproj", "{3658A606-518E-4A0E-8847-F6AAC7082CCC}"
EndProject
Project("{9A19103F-16F7-4668-BE54-9A1E7A4F7556}") = "SistemaGestionData", "SistemaGestionData\SistemaGestionData.csproj", "{AD024056-CDCC-4813-8576-E07B370A25BE}"
EndProject
Project("{9A19103F-16F7-4668-BE54-9A1E7A4F7556}") = "SistemaGestionBussiness", "SistemaGestionBussiness\SistemaGestionBussiness.csproj", "{E0DC3E9F-8109-413D-9F4C-D2B603850417}"
EndProject
Project("{9A19103F-16F7-4668-BE54-9A1E7A4F7556}") = "SistemaGestionUI", "SistemaGestionUI\SistemaGestionUI.csproj", "{8D178A16-77AF-45DD-A739-F25E304D2FDD}"
EndProject
Project("{FAE04EC0-301F-11D3-BF4B-00C04F79EFBC}") = "SistemasGestionApi", "SistemasGestionApi\SistemasGestionApi.csproj", "{E98ED7C8-2427-4527-882D-94CF26F49608}"
EndProject
Global
	GlobalSection(SolutionConfigurationPlatforms) = preSolution
		Debug|Any CPU = Debug|Any CPU
		Release|Any CPU = Release|Any CPU
	EndGlobalSection
	GlobalSection(ProjectConfigurationPlatforms) = postSolution
		{3658A606-518E-4A0E-8847-F6AAC7082CCC}.Debug|Any CPU.ActiveCfg = Debug|Any CPU
		{3658A606-518E-4A0E-8847-F6AAC7082CCC}.Debug|Any CPU.Build.0 = Debug|Any CPU
		{3658A606-518E-4A0E-8847-F6AAC7082CCC}.Release|Any CPU.ActiveCfg = Release|Any CPU
		{3658A606-518E-4A0E-8847-F6AAC7082CCC}.Release|Any CPU.Build.0 = Release|Any CPU
		{AD024056-CDCC-4813-8576-E07B370A25BE}.Debug|Any CPU.ActiveCfg = Debug|Any CPU
		{AD024056-CDCC-4813-8576-E07B370A25BE}.Debug|Any CPU.Build.0 = Debug|Any CPU
		{AD024056-CDCC-4813-8576-E07B370A25BE}.Release|Any CPU.ActiveCfg = Release|Any CPU
		{AD024056-CDCC-4813-8576-E07B370A25BE}.Release|Any CPU.Build.0 = Release|Any CPU
		{E0DC3E9F-8109-413D-9F4C-D2B603850417}.Debug|Any CPU.ActiveCfg = Debug|Any CPU
		{E0DC3E9F-8109-413D-9F4C-D2B603850417}.Debug|Any CPU.Build.0 = Debug|Any CPU
		{E0DC3E9F-8109-413D-9F4C-D2B603850417}.Release|Any CPU.ActiveCfg = Release|Any CPU
		{E0DC3E9F-8109-413D-9F4C-D2B603850417}.Release|Any CPU.Build.0 = Release|Any CPU
		{8D178A16-77AF-45DD-A739-F25E304D2FDD}.Debug|Any CPU.ActiveCfg = Debug|Any CPU
		{8D178A16-77AF-45DD-A739-F25E304D2FDD}.Debug|Any CPU.Build.0 = Debug|Any CPU
		{8D178A16-77AF-45DD-A739-F25E304D2FDD}.Release|Any CPU.ActiveCfg = Release|Any CPU
		{8D178A16-77AF-45DD-A739-F25E304D2FDD}.Release|Any CPU.Build.0 = Release|Any CPU
		{E98ED7C8-2427-4527-882D-94CF26F49608}.Debug|Any CPU.ActiveCfg = Debug|Any CPU
		{E98ED7C8-2427-4527-882D-94CF26F49608}.Debug|Any CPU.Build.0 = Debug|Any CPU
		{E98ED7C8-2427-4527-882D-94CF26F49608}.Release|Any CPU.ActiveCfg = Release|Any CPU
		{E98ED7C8-2427-4527-882D-94CF26F49608}.Release|Any CPU.Build.0 = Release|Any CPU
	EndGlobalSection
	GlobalSection(SolutionProperties) = preSolution
		HideSolutionNode = FALSE
	EndGlobalSection
EndGlobal
